
Microsoft Visual Studio Solution File, Format Version 12.00
# Visual Studio Version 16
VisualStudioVersion = 16.0.30907.101
MinimumVisualStudioVersion = 10.0.40219.1
Project("{FAE04EC0-301F-11D3-BF4B-00C04F79EFBC}") = "SchoolManagement", "SchoolManagement\SchoolManagement.csproj", "{7921C290-12B2-4AB1-9505-CE0FB7CD5EAA}"
EndProject
Global
	GlobalSection(SolutionConfigurationPlatforms) = preSolution
		Debug|Any CPU = Debug|Any CPU
		Release|Any CPU = Release|Any CPU
	EndGlobalSection
	GlobalSection(ProjectConfigurationPlatforms) = postSolution
		{7921C290-12B2-4AB1-9505-CE0FB7CD5EAA}.Debug|Any CPU.ActiveCfg = Debug|Any CPU
		{7921C290-12B2-4AB1-9505-CE0FB7CD5EAA}.Debug|Any CPU.Build.0 = Debug|Any CPU
		{7921C290-12B2-4AB1-9505-CE0FB7CD5EAA}.Release|Any CPU.ActiveCfg = Release|Any CPU
		{7921C290-12B2-4AB1-9505-CE0FB7CD5EAA}.Release|Any CPU.Build.0 = Release|Any CPU
	EndGlobalSection
	GlobalSection(SolutionProperties) = preSolution
		HideSolutionNode = FALSE
	EndGlobalSection
	GlobalSection(ExtensibilityGlobals) = postSolution
		SolutionGuid = {9BEC1AC9-A25D-46E9-8EAE-3FA549819AF3}
	EndGlobalSection
EndGlobal
